# THIS IS AN AUTOGENERATED FILE. DO NOT EDIT THIS FILE DIRECTLY.
# yarn lockfile v1


convert-csv-to-json@^0.0.13:
  version "0.0.13"
  resolved "https://registry.yarnpkg.com/convert-csv-to-json/-/convert-csv-to-json-0.0.13.tgz#1af049bf78cea673575855d86a24f28207f89c08"
  integrity sha1-GvBJv3jOpnNXWFXYaiTyggf4nAg=
